
Microsoft Visual Studio Solution File, Format Version 12.00
# Visual Studio 15
VisualStudioVersion = 15.0.28307.1169
MinimumVisualStudioVersion = 10.0.40219.1
Project("{FAE04EC0-301F-11D3-BF4B-00C04F79EFBC}") = "Data", "Data\Data.csproj", "{30F71944-4497-46B2-94D7-368871A04F01}"
EndProject
Global
	GlobalSection(SolutionConfigurationPlatforms) = preSolution
		Debug|Any CPU = Debug|Any CPU
		Release|Any CPU = Release|Any CPU
	EndGlobalSection
	GlobalSection(ProjectConfigurationPlatforms) = postSolution
		{30F71944-4497-46B2-94D7-368871A04F01}.Debug|Any CPU.ActiveCfg = Debug|Any CPU
		{30F71944-4497-46B2-94D7-368871A04F01}.Debug|Any CPU.Build.0 = Debug|Any CPU
		{30F71944-4497-46B2-94D7-368871A04F01}.Release|Any CPU.ActiveCfg = Release|Any CPU
		{30F71944-4497-46B2-94D7-368871A04F01}.Release|Any CPU.Build.0 = Release|Any CPU
	EndGlobalSection
	GlobalSection(SolutionProperties) = preSolution
		HideSolutionNode = FALSE
	EndGlobalSection
	GlobalSection(ExtensibilityGlobals) = postSolution
		SolutionGuid = {B4C05562-BE38-4BA9-BFF1-9FD3FE8D2DD0}
	EndGlobalSection
EndGlobal
